// !$*UTF8*$!
{
	archiveVersion = 1;
	classes = {
	};
	objectVersion = 55;
	objects = {

/* Begin PBXBuildFile section */
		8908D1642833455200B7D531 /* weatherUIApp.swift in Sources */ = {isa = PBXBuildFile; fileRef = 8908D1632833455200B7D531 /* weatherUIApp.swift */; };
		8908D1662833455200B7D531 /* ContentView.swift in Sources */ = {isa = PBXBuildFile; fileRef = 8908D1652833455200B7D531 /* ContentView.swift */; };
		8908D1682833455300B7D531 /* Assets.xcassets in Resources */ = {isa = PBXBuildFile; fileRef = 8908D1672833455300B7D531 /* Assets.xcassets */; };
		8908D16B2833455300B7D531 /* Preview Assets.xcassets in Resources */ = {isa = PBXBuildFile; fileRef = 8908D16A2833455300B7D531 /* Preview Assets.xcassets */; };
		8908D1752833455300B7D531 /* weatherUITests.swift in Sources */ = {isa = PBXBuildFile; fileRef = 8908D1742833455300B7D531 /* weatherUITests.swift */; };
		8908D17F2833455300B7D531 /* weatherUIUITests.swift in Sources */ = {isa = PBXBuildFile; fileRef = 8908D17E2833455300B7D531 /* weatherUIUITests.swift */; };
		8908D1812833455300B7D531 /* weatherUIUITestsLaunchTests.swift in Sources */ = {isa = PBXBuildFile; fileRef = 8908D1802833455300B7D531 /* weatherUIUITestsLaunchTests.swift */; };
		8908D1C4283370C300B7D531 /* weatherButtonDesign.swift in Sources */ = {isa = PBXBuildFile; fileRef = 8908D1C3283370C300B7D531 /* weatherButtonDesign.swift */; };
/* End PBXBuildFile section */

/* Begin PBXContainerItemProxy section */
		8908D1712833455300B7D531 /* PBXContainerItemProxy */ = {
			isa = PBXContainerItemProxy;
			containerPortal = 8908D1582833455200B7D531 /* Project object */;
			proxyType = 1;
			remoteGlobalIDString = 8908D15F2833455200B7D531;
			remoteInfo = weatherUI;
		};
		8908D17B2833455300B7D531 /* PBXContainerItemProxy */ = {
			isa = PBXContainerItemProxy;
			containerPortal = 8908D1582833455200B7D531 /* Project object */;
			proxyType = 1;
			remoteGlobalIDString = 8908D15F2833455200B7D531;
			remoteInfo = weatherUI;
		};
/* End PBXContainerItemProxy section */

/* Begin PBXFileReference section */
		8908D1602833455200B7D531 /* weatherUI.app */ = {isa = PBXFileReference; explicitFileType = wrapper.application; includeInIndex = 0; path = weatherUI.app; sourceTree = BUILT_PRODUCTS_DIR; };
		8908D1632833455200B7D531 /* weatherUIApp.swift */ = {isa = PBXFileReference; lastKnownFileType = sourcecode.swift; path = weatherUIApp.swift; sourceTree = "<group>"; };
		8908D1652833455200B7D531 /* ContentView.swift */ = {isa = PBXFileReference; lastKnownFileType = sourcecode.swift; path = ContentView.swift; sourceTree = "<group>"; };
		8908D1672833455300B7D531 /* Assets.xcassets */ = {isa = PBXFileReference; lastKnownFileType = folder.assetcatalog; path = Assets.xcassets; sourceTree = "<group>"; };
		8908D16A2833455300B7D531 /* Preview Assets.xcassets */ = {isa = PBXFileReference; lastKnownFileType = folder.assetcatalog; path = "Preview Assets.xcassets"; sourceTree = "<group>"; };
		8908D1702833455300B7D531 /* weatherUITests.xctest */ = {isa = PBXFileReference; explicitFileType = wrapper.cfbundle; includeInIndex = 0; path = weatherUITests.xctest; sourceTree = BUILT_PRODUCTS_DIR; };
		8908D1742833455300B7D531 /* weatherUITests.swift */ = {isa = PBXFileReference; lastKnownFileType = sourcecode.swift; path = weatherUITests.swift; sourceTree = "<group>"; };
		8908D17A2833455300B7D531 /* weatherUIUITests.xctest */ = {isa = PBXFileReference; explicitFileType = wrapper.cfbundle; includeInIndex = 0; path = weatherUIUITests.xctest; sourceTree = BUILT_PRODUCTS_DIR; };
		8908D17E2833455300B7D531 /* weatherUIUITests.swift */ = {isa = PBXFileReference; lastKnownFileType = sourcecode.swift; path = weatherUIUITests.swift; sourceTree = "<group>"; };
		8908D1802833455300B7D531 /* weatherUIUITestsLaunchTests.swift */ = {isa = PBXFileReference; lastKnownFileType = sourcecode.swift; path = weatherUIUITestsLaunchTests.swift; sourceTree = "<group>"; };
		8908D1C3283370C300B7D531 /* weatherButtonDesign.swift */ = {isa = PBXFileReference; lastKnownFileType = sourcecode.swift; path = weatherButtonDesign.swift; sourceTree = "<group>"; };
/* End PBXFileReference section */

/* Begin PBXFrameworksBuildPhase section */
		8908D15D2833455200B7D531 /* Frameworks */ = {
			isa = PBXFrameworksBuildPhase;
			buildActionMask = 2147483647;
			files = (
			);
			runOnlyForDeploymentPostprocessing = 0;
		};
		8908D16D2833455300B7D531 /* Frameworks */ = {
			isa = PBXFrameworksBuildPhase;
			buildActionMask = 2147483647;
			files = (
			);
			runOnlyForDeploymentPostprocessing = 0;
		};
		8908D1772833455300B7D531 /* Frameworks */ = {
			isa = PBXFrameworksBuildPhase;
			buildActionMask = 2147483647;
			files = (
			);
			runOnlyForDeploymentPostprocessing = 0;
		};
/* End PBXFrameworksBuildPhase section */

/* Begin PBXGroup section */
		8908D1572833455200B7D531 = {
			isa = PBXGroup;
			children = (
				8908D1622833455200B7D531 /* weatherUI */,
				8908D1732833455300B7D531 /* weatherUITests */,
				8908D17D2833455300B7D531 /* weatherUIUITests */,
				8908D1612833455200B7D531 /* Products */,
			);
			sourceTree = "<group>";
		};
		8908D1612833455200B7D531 /* Products */ = {
			isa = PBXGroup;
			children = (
				8908D1602833455200B7D531 /* weatherUI.app */,
				8908D1702833455300B7D531 /* weatherUITests.xctest */,
				8908D17A2833455300B7D531 /* weatherUIUITests.xctest */,
			);
			name = Products;
			sourceTree = "<group>";
		};
		8908D1622833455200B7D531 /* weatherUI */ = {
			isa = PBXGroup;
			children = (
				8908D1632833455200B7D531 /* weatherUIApp.swift */,
				8908D1652833455200B7D531 /* ContentView.swift */,
				8908D1672833455300B7D531 /* Assets.xcassets */,
				8908D1692833455300B7D531 /* Preview Content */,
				8908D1C3283370C300B7D531 /* weatherButtonDesign.swift */,
			);
			path = weatherUI;
			sourceTree = "<group>";
		};
		8908D1692833455300B7D531 /* Preview Content */ = {
			isa = PBXGroup;
			children = (
				8908D16A2833455300B7D531 /* Preview Assets.xcassets */,
			);
			path = "Preview Content";
			sourceTree = "<group>";
		};
		8908D1732833455300B7D531 /* weatherUITests */ = {
			isa = PBXGroup;
			children = (
				8908D1742833455300B7D531 /* weatherUITests.swift */,
			);
			path = weatherUITests;
			sourceTree = "<group>";
		};
		8908D17D2833455300B7D531 /* weatherUIUITests */ = {
			isa = PBXGroup;
			children = (
				8908D17E2833455300B7D531 /* weatherUIUITests.swift */,
				8908D1802833455300B7D531 /* weatherUIUITestsLaunchTests.swift */,
			);
			path = weatherUIUITests;
			sourceTree = "<group>";
		};
/* End PBXGroup section */

/* Begin PBXNativeTarget section */
		8908D15F2833455200B7D531 /* weatherUI */ = {
			isa = PBXNativeTarget;
			buildConfigurationList = 8908D1842833455300B7D531 /* Build configuration list for PBXNativeTarget "weatherUI" */;
			buildPhases = (
				8908D15C2833455200B7D531 /* Sources */,
				8908D15D2833455200B7D531 /* Frameworks */,
				8908D15E2833455200B7D531 /* Resources */,
			);
			buildRules = (
			);
			dependencies = (
			);
			name = weatherUI;
			productName = weatherUI;
			productReference = 8908D1602833455200B7D531 /* weatherUI.app */;
			productType = "com.apple.product-type.application";
		};
		8908D16F2833455300B7D531 /* weatherUITests */ = {
			isa = PBXNativeTarget;
			buildConfigurationList = 8908D1872833455300B7D531 /* Build configuration list for PBXNativeTarget "weatherUITests" */;
			buildPhases = (
				8908D16C2833455300B7D531 /* Sources */,
				8908D16D2833455300B7D531 /* Frameworks */,
				8908D16E2833455300B7D531 /* Resources */,
			);
			buildRules = (
			);
			dependencies = (
				8908D1722833455300B7D531 /* PBXTargetDependency */,
			);
			name = weatherUITests;
			productName = weatherUITests;
			productReference = 8908D1702833455300B7D531 /* weatherUITests.xctest */;
			productType = "com.apple.product-type.bundle.unit-test";
		};
		8908D1792833455300B7D531 /* weatherUIUITests */ = {
			isa = PBXNativeTarget;
			buildConfigurationList = 8908D18A2833455300B7D531 /* Build configuration list for PBXNativeTarget "weatherUIUITests" */;
			buildPhases = (
				8908D1762833455300B7D531 /* Sources */,
				8908D1772833455300B7D531 /* Frameworks */,
				8908D1782833455300B7D531 /* Resources */,
			);
			buildRules = (
			);
			dependencies = (
				8908D17C2833455300B7D531 /* PBXTargetDependency */,
			);
			name = weatherUIUITests;
			productName = weatherUIUITests;
			productReference = 8908D17A2833455300B7D531 /* weatherUIUITests.xctest */;
			productType = "com.apple.product-type.bundle.ui-testing";
		};
/* End PBXNativeTarget section */

/* Begin PBXProject section */
		8908D1582833455200B7D531 /* Project object */ = {
			isa = PBXProject;
			attributes = {
				BuildIndependentTargetsInParallel = 1;
				LastSwiftUpdateCheck = 1320;
				LastUpgradeCheck = 1320;
				TargetAttributes = {
					8908D15F2833455200B7D531 = {
						CreatedOnToolsVersion = 13.2.1;
					};
					8908D16F2833455300B7D531 = {
						CreatedOnToolsVersion = 13.2.1;
						TestTargetID = 8908D15F2833455200B7D531;
					};
					8908D1792833455300B7D531 = {
						CreatedOnToolsVersion = 13.2.1;
						TestTargetID = 8908D15F2833455200B7D531;
					};
				};
			};
			buildConfigurationList = 8908D15B2833455200B7D531 /* Build configuration list for PBXProject "weatherUI" */;
			compatibilityVersion = "Xcode 13.0";
			developmentRegion = en;
			hasScannedForEncodings = 0;
			knownRegions = (
				en,
				Base,
			);
			mainGroup = 8908D1572833455200B7D531;
			productRefGroup = 8908D1612833455200B7D531 /* Products */;
			projectDirPath = "";
			projectRoot = "";
			targets = (
				8908D15F2833455200B7D531 /* weatherUI */,
				8908D16F2833455300B7D531 /* weatherUITests */,
				8908D1792833455300B7D531 /* weatherUIUITests */,
			);
		};
/* End PBXProject section */

/* Begin PBXResourcesBuildPhase section */
		8908D15E2833455200B7D531 /* Resources */ = {
			isa = PBXResourcesBuildPhase;
			buildActionMask = 2147483647;
			files = (
				8908D16B2833455300B7D531 /* Preview Assets.xcassets in Resources */,
				8908D1682833455300B7D531 /* Assets.xcassets in Resources */,
			);
			runOnlyForDeploymentPostprocessing = 0;
		};
		8908D16E2833455300B7D531 /* Resources */ = {
			isa = PBXResourcesBuildPhase;
			buildActionMask = 2147483647;
			files = (
			);
			runOnlyForDeploymentPostprocessing = 0;
		};
		8908D1782833455300B7D531 /* Resources */ = {
			isa = PBXResourcesBuildPhase;
			buildActionMask = 2147483647;
			files = (
			);
			runOnlyForDeploymentPostprocessing = 0;
		};
/* End PBXResourcesBuildPhase section */

/* Begin PBXSourcesBuildPhase section */
		8908D15C2833455200B7D531 /* Sources */ = {
			isa = PBXSourcesBuildPhase;
			buildActionMask = 2147483647;
			files = (
				8908D1662833455200B7D531 /* ContentView.swift in Sources */,
				8908D1642833455200B7D531 /* weatherUIApp.swift in Sources */,
				8908D1C4283370C300B7D531 /* weatherButtonDesign.swift in Sources */,
			);
			runOnlyForDeploymentPostprocessing = 0;
		};
		8908D16C2833455300B7D531 /* Sources */ = {
			isa = PBXSourcesBuildPhase;
			buildActionMask = 2147483647;
			files = (
				8908D1752833455300B7D531 /* weatherUITests.swift in Sources */,
			);
			runOnlyForDeploymentPostprocessing = 0;
		};
		8908D1762833455300B7D531 /* Sources */ = {
			isa = PBXSourcesBuildPhase;
			buildActionMask = 2147483647;
			files = (
				8908D17F2833455300B7D531 /* weatherUIUITests.swift in Sources */,
				8908D1812833455300B7D531 /* weatherUIUITestsLaunchTests.swift in Sources */,
			);
			runOnlyForDeploymentPostprocessing = 0;
		};
/* End PBXSourcesBuildPhase section */

/* Begin PBXTargetDependency section */
		8908D1722833455300B7D531 /* PBXTargetDependency */ = {
			isa = PBXTargetDependency;
			target = 8908D15F2833455200B7D531 /* weatherUI */;
			targetProxy = 8908D1712833455300B7D531 /* PBXContainerItemProxy */;
		};
		8908D17C2833455300B7D531 /* PBXTargetDependency */ = {
			isa = PBXTargetDependency;
			target = 8908D15F2833455200B7D531 /* weatherUI */;
			targetProxy = 8908D17B2833455300B7D531 /* PBXContainerItemProxy */;
		};
/* End PBXTargetDependency section */

/* Begin XCBuildConfiguration section */
		8908D1822833455300B7D531 /* Debug */ = {
			isa = XCBuildConfiguration;
			buildSettings = {
				ALWAYS_SEARCH_USER_PATHS = NO;
				CLANG_ANALYZER_NONNULL = YES;
				CLANG_ANALYZER_NUMBER_OBJECT_CONVERSION = YES_AGGRESSIVE;
				CLANG_CXX_LANGUAGE_STANDARD = "gnu++17";
				CLANG_CXX_LIBRARY = "libc++";
				CLANG_ENABLE_MODULES = YES;
				CLANG_ENABLE_OBJC_ARC = YES;
				CLANG_ENABLE_OBJC_WEAK = YES;
				CLANG_WARN_BLOCK_CAPTURE_AUTORELEASING = YES;
				CLANG_WARN_BOOL_CONVERSION = YES;
				CLANG_WARN_COMMA = YES;
				CLANG_WARN_CONSTANT_CONVERSION = YES;
				CLANG_WARN_DEPRECATED_OBJC_IMPLEMENTATIONS = YES;
				CLANG_WARN_DIRECT_OBJC_ISA_USAGE = YES_ERROR;
				CLANG_WARN_DOCUMENTATION_COMMENTS = YES;
				CLANG_WARN_EMPTY_BODY = YES;
				CLANG_WARN_ENUM_CONVERSION = YES;
				CLANG_WARN_INFINITE_RECURSION = YES;
				CLANG_WARN_INT_CONVERSION = YES;
				CLANG_WARN_NON_LITERAL_NULL_CONVERSION = YES;
				CLANG_WARN_OBJC_IMPLICIT_RETAIN_SELF = YES;
				CLANG_WARN_OBJC_LITERAL_CONVERSION = YES;
				CLANG_WARN_OBJC_ROOT_CLASS = YES_ERROR;
				CLANG_WARN_QUOTED_INCLUDE_IN_FRAMEWORK_HEADER = YES;
				CLANG_WARN_RANGE_LOOP_ANALYSIS = YES;
				CLANG_WARN_STRICT_PROTOTYPES = YES;
				CLANG_WARN_SUSPICIOUS_MOVE = YES;
				CLANG_WARN_UNGUARDED_AVAILABILITY = YES_AGGRESSIVE;
				CLANG_WARN_UNREACHABLE_CODE = YES;
				CLANG_WARN__DUPLICATE_METHOD_MATCH = YES;
				COPY_PHASE_STRIP = NO;
				DEBUG_INFORMATION_FORMAT = dwarf;
				ENABLE_STRICT_OBJC_MSGSEND = YES;
				ENABLE_TESTABILITY = YES;
				GCC_C_LANGUAGE_STANDARD = gnu11;
				GCC_DYNAMIC_NO_PIC = NO;
				GCC_NO_COMMON_BLOCKS = YES;
				GCC_OPTIMIZATION_LEVEL = 0;
				GCC_PREPROCESSOR_DEFINITIONS = (
					"DEBUG=1",
					"$(inherited)",
				);
				GCC_WARN_64_TO_32_BIT_CONVERSION = YES;
				GCC_WARN_ABOUT_RETURN_TYPE = YES_ERROR;
				GCC_WARN_UNDECLARED_SELECTOR = YES;
				GCC_WARN_UNINITIALIZED_AUTOS = YES_AGGRESSIVE;
				GCC_WARN_UNUSED_FUNCTION = YES;
				GCC_WARN_UNUSED_VARIABLE = YES;
				IPHONEOS_DEPLOYMENT_TARGET = 15.2;
				MTL_ENABLE_DEBUG_INFO = INCLUDE_SOURCE;
				MTL_FAST_MATH = YES;
				ONLY_ACTIVE_ARCH = YES;
				SDKROOT = iphoneos;
				SWIFT_ACTIVE_COMPILATION_CONDITIONS = DEBUG;
				SWIFT_OPTIMIZATION_LEVEL = "-Onone";
			};
			name = Debug;
		};
		8908D1832833455300B7D531 /* Release */ = {
			isa = XCBuildConfiguration;
			buildSettings = {
				ALWAYS_SEARCH_USER_PATHS = NO;
				CLANG_ANALYZER_NONNULL = YES;
				CLANG_ANALYZER_NUMBER_OBJECT_CONVERSION = YES_AGGRESSIVE;
				CLANG_CXX_LANGUAGE_STANDARD = "gnu++17";
				CLANG_CXX_LIBRARY = "libc++";
				CLANG_ENABLE_MODULES = YES;
				CLANG_ENABLE_OBJC_ARC = YES;
				CLANG_ENABLE_OBJC_WEAK = YES;
				CLANG_WARN_BLOCK_CAPTURE_AUTORELEASING = YES;
				CLANG_WARN_BOOL_CONVERSION = YES;
				CLANG_WARN_COMMA = YES;
				CLANG_WARN_CONSTANT_CONVERSION = YES;
				CLANG_WARN_DEPRECATED_OBJC_IMPLEMENTATIONS = YES;
				CLANG_WARN_DIRECT_OBJC_ISA_USAGE = YES_ERROR;
				CLANG_WARN_DOCUMENTATION_COMMENTS = YES;
				CLANG_WARN_EMPTY_BODY = YES;
				CLANG_WARN_ENUM_CONVERSION = YES;
				CLANG_WARN_INFINITE_RECURSION = YES;
				CLANG_WARN_INT_CONVERSION = YES;
				CLANG_WARN_NON_LITERAL_NULL_CONVERSION = YES;
				CLANG_WARN_OBJC_IMPLICIT_RETAIN_SELF = YES;
				CLANG_WARN_OBJC_LITERAL_CONVERSION = YES;
				CLANG_WARN_OBJC_ROOT_CLASS = YES_ERROR;
				CLANG_WARN_QUOTED_INCLUDE_IN_FRAMEWORK_HEADER = YES;
				CLANG_WARN_RANGE_LOOP_ANALYSIS = YES;
				CLANG_WARN_STRICT_PROTOTYPES = YES;
				CLANG_WARN_SUSPICIOUS_MOVE = YES;
				CLANG_WARN_UNGUARDED_AVAILABILITY = YES_AGGRESSIVE;
				CLANG_WARN_UNREACHABLE_CODE = YES;
				CLANG_WARN__DUPLICATE_METHOD_MATCH = YES;
				COPY_PHASE_STRIP = NO;
				DEBUG_INFORMATION_FORMAT = "dwarf-with-dsym";
				ENABLE_NS_ASSERTIONS = NO;
				ENABLE_STRICT_OBJC_MSGSEND = YES;
				GCC_C_LANGUAGE_STANDARD = gnu11;
				GCC_NO_COMMON_BLOCKS = YES;
				GCC_WARN_64_TO_32_BIT_CONVERSION = YES;
				GCC_WARN_ABOUT_RETURN_TYPE = YES_ERROR;
				GCC_WARN_UNDECLARED_SELECTOR = YES;
				GCC_WARN_UNINITIALIZED_AUTOS = YES_AGGRESSIVE;
				GCC_WARN_UNUSED_FUNCTION = YES;
				GCC_WARN_UNUSED_VARIABLE = YES;
				IPHONEOS_DEPLOYMENT_TARGET = 15.2;
				MTL_ENABLE_DEBUG_INFO = NO;
				MTL_FAST_MATH = YES;
				SDKROOT = iphoneos;
				SWIFT_COMPILATION_MODE = wholemodule;
				SWIFT_OPTIMIZATION_LEVEL = "-O";
				VALIDATE_PRODUCT = YES;
			};
			name = Release;
		};
		8908D1852833455300B7D531 /* Debug */ = {
			isa = XCBuildConfiguration;
			buildSettings = {
				ASSETCATALOG_COMPILER_APPICON_NAME = AppIcon;
				ASSETCATALOG_COMPILER_GLOBAL_ACCENT_COLOR_NAME = AccentColor;
				CODE_SIGN_STYLE = Automatic;
				CURRENT_PROJECT_VERSION = 1;
				DEVELOPMENT_ASSET_PATHS = "\"weatherUI/Preview Content\"";
				DEVELOPMENT_TEAM = 898K727NUA;
				ENABLE_PREVIEWS = YES;
				GENERATE_INFOPLIST_FILE = YES;
				INFOPLIST_KEY_UIApplicationSceneManifest_Generation = YES;
				INFOPLIST_KEY_UIApplicationSupportsIndirectInputEvents = YES;
				INFOPLIST_KEY_UILaunchScreen_Generation = YES;
				INFOPLIST_KEY_UISupportedInterfaceOrientations_iPad = "UIInterfaceOrientationPortrait UIInterfaceOrientationPortraitUpsideDown UIInterfaceOrientationLandscapeLeft UIInterfaceOrientationLandscapeRight";
				INFOPLIST_KEY_UISupportedInterfaceOrientations_iPhone = "UIInterfaceOrientationPortrait UIInterfaceOrientationLandscapeLeft UIInterfaceOrientationLandscapeRight";
				LD_RUNPATH_SEARCH_PATHS = (
					"$(inherited)",
					"@executable_path/Frameworks",
				);
				MARKETING_VERSION = 1.0;
				PRODUCT_BUNDLE_IDENTIFIER = com.shamin.weatherUI;
				PRODUCT_NAME = "$(TARGET_NAME)";
				SWIFT_EMIT_LOC_STRINGS = YES;
				SWIFT_VERSION = 5.0;
				TARGETED_DEVICE_FAMILY = "1,2";
			};
			name = Debug;
		};
		8908D1862833455300B7D531 /* Release */ = {
			isa = XCBuildConfiguration;
			buildSettings = {
				ASSETCATALOG_COMPILER_APPICON_NAME = AppIcon;
				ASSETCATALOG_COMPILER_GLOBAL_ACCENT_COLOR_NAME = AccentColor;
				CODE_SIGN_STYLE = Automatic;
				CURRENT_PROJECT_VERSION = 1;
				DEVELOPMENT_ASSET_PATHS = "\"weatherUI/Preview Content\"";
				DEVELOPMENT_TEAM = 898K727NUA;
				ENABLE_PREVIEWS = YES;
				GENERATE_INFOPLIST_FILE = YES;
				INFOPLIST_KEY_UIApplicationSceneManifest_Generation = YES;
				INFOPLIST_KEY_UIApplicationSupportsIndirectInputEvents = YES;
				INFOPLIST_KEY_UILaunchScreen_Generation = YES;
				INFOPLIST_KEY_UISupportedInterfaceOrientations_iPad = "UIInterfaceOrientationPortrait UIInterfaceOrientationPortraitUpsideDown UIInterfaceOrientationLandscapeLeft UIInterfaceOrientationLandscapeRight";
				INFOPLIST_KEY_UISupportedInterfaceOrientations_iPhone = "UIInterfaceOrientationPortrait UIInterfaceOrientationLandscapeLeft UIInterfaceOrientationLandscapeRight";
				LD_RUNPATH_SEARCH_PATHS = (
					"$(inherited)",
					"@executable_path/Frameworks",
				);
				MARKETING_VERSION = 1.0;
				PRODUCT_BUNDLE_IDENTIFIER = com.shamin.weatherUI;
				PRODUCT_NAME = "$(TARGET_NAME)";
				SWIFT_EMIT_LOC_STRINGS = YES;
				SWIFT_VERSION = 5.0;
				TARGETED_DEVICE_FAMILY = "1,2";
			};
			name = Release;
		};
		8908D1882833455300B7D531 /* Debug */ = {
			isa = XCBuildConfiguration;
			buildSettings = {
				ALWAYS_EMBED_SWIFT_STANDARD_LIBRARIES = YES;
				BUNDLE_LOADER = "$(TEST_HOST)";
				CODE_SIGN_STYLE = Automatic;
				CURRENT_PROJECT_VERSION = 1;
				DEVELOPMENT_TEAM = 898K727NUA;
				GENERATE_INFOPLIST_FILE = YES;
				IPHONEOS_DEPLOYMENT_TARGET = 15.2;
				MARKETING_VERSION = 1.0;
				PRODUCT_BUNDLE_IDENTIFIER = com.shamin.weatherUITests;
				PRODUCT_NAME = "$(TARGET_NAME)";
				SWIFT_EMIT_LOC_STRINGS = NO;
				SWIFT_VERSION = 5.0;
				TARGETED_DEVICE_FAMILY = "1,2";
				TEST_HOST = "$(BUILT_PRODUCTS_DIR)/weatherUI.app/weatherUI";
			};
			name = Debug;
		};
		8908D1892833455300B7D531 /* Release */ = {
			isa = XCBuildConfiguration;
			buildSettings = {
				ALWAYS_EMBED_SWIFT_STANDARD_LIBRARIES = YES;
				BUNDLE_LOADER = "$(TEST_HOST)";
				CODE_SIGN_STYLE = Automatic;
				CURRENT_PROJECT_VERSION = 1;
				DEVELOPMENT_TEAM = 898K727NUA;
				GENERATE_INFOPLIST_FILE = YES;
				IPHONEOS_DEPLOYMENT_TARGET = 15.2;
				MARKETING_VERSION = 1.0;
				PRODUCT_BUNDLE_IDENTIFIER = com.shamin.weatherUITests;
				PRODUCT_NAME = "$(TARGET_NAME)";
				SWIFT_EMIT_LOC_STRINGS = NO;
				SWIFT_VERSION = 5.0;
				TARGETED_DEVICE_FAMILY = "1,2";
				TEST_HOST = "$(BUILT_PRODUCTS_DIR)/weatherUI.app/weatherUI";
			};
			name = Release;
		};
		8908D18B2833455300B7D531 /* Debug */ = {
			isa = XCBuildConfiguration;
			buildSettings = {
				ALWAYS_EMBED_SWIFT_STANDARD_LIBRARIES = YES;
				CODE_SIGN_STYLE = Automatic;
				CURRENT_PROJECT_VERSION = 1;
				DEVELOPMENT_TEAM = 898K727NUA;
				GENERATE_INFOPLIST_FILE = YES;
				MARKETING_VERSION = 1.0;
				PRODUCT_BUNDLE_IDENTIFIER = com.shamin.weatherUIUITests;
				PRODUCT_NAME = "$(TARGET_NAME)";
				SWIFT_EMIT_LOC_STRINGS = NO;
				SWIFT_VERSION = 5.0;
				TARGETED_DEVICE_FAMILY = "1,2";
				TEST_TARGET_NAME = weatherUI;
			};
			name = Debug;
		};
		8908D18C2833455300B7D531 /* Release */ = {
			isa = XCBuildConfiguration;
			buildSettings = {
				ALWAYS_EMBED_SWIFT_STANDARD_LIBRARIES = YES;
				CODE_SIGN_STYLE = Automatic;
				CURRENT_PROJECT_VERSION = 1;
				DEVELOPMENT_TEAM = 898K727NUA;
				GENERATE_INFOPLIST_FILE = YES;
				MARKETING_VERSION = 1.0;
				PRODUCT_BUNDLE_IDENTIFIER = com.shamin.weatherUIUITests;
				PRODUCT_NAME = "$(TARGET_NAME)";
				SWIFT_EMIT_LOC_STRINGS = NO;
				SWIFT_VERSION = 5.0;
				TARGETED_DEVICE_FAMILY = "1,2";
				TEST_TARGET_NAME = weatherUI;
			};
			name = Release;
		};
/* End XCBuildConfiguration section */

/* Begin XCConfigurationList section */
		8908D15B2833455200B7D531 /* Build configuration list for PBXProject "weatherUI" */ = {
			isa = XCConfigurationList;
			buildConfigurations = (
				8908D1822833455300B7D531 /* Debug */,
				8908D1832833455300B7D531 /* Release */,
			);
			defaultConfigurationIsVisible = 0;
			defaultConfigurationName = Release;
		};
		8908D1842833455300B7D531 /* Build configuration list for PBXNativeTarget "weatherUI" */ = {
			isa = XCConfigurationList;
			buildConfigurations = (
				8908D1852833455300B7D531 /* Debug */,
				8908D1862833455300B7D531 /* Release */,
			);
			defaultConfigurationIsVisible = 0;
			defaultConfigurationName = Release;
		};
		8908D1872833455300B7D531 /* Build configuration list for PBXNativeTarget "weatherUITests" */ = {
			isa = XCConfigurationList;
			buildConfigurations = (
				8908D1882833455300B7D531 /* Debug */,
				8908D1892833455300B7D531 /* Release */,
			);
			defaultConfigurationIsVisible = 0;
			defaultConfigurationName = Release;
		};
		8908D18A2833455300B7D531 /* Build configuration list for PBXNativeTarget "weatherUIUITests" */ = {
			isa = XCConfigurationList;
			buildConfigurations = (
				8908D18B2833455300B7D531 /* Debug */,
				8908D18C2833455300B7D531 /* Release */,
			);
			defaultConfigurationIsVisible = 0;
			defaultConfigurationName = Release;
		};
/* End XCConfigurationList section */
	};
	rootObject = 8908D1582833455200B7D531 /* Project object */;
}
